
Microsoft Visual Studio Solution File, Format Version 12.00
# Visual Studio Version 17
VisualStudioVersion = 17.13.35806.99 d17.13
MinimumVisualStudioVersion = 10.0.40219.1
Project("{FAE04EC0-301F-11D3-BF4B-00C04F79EFBC}") = "FilesAndFolders", "FilesAndFolders\FilesAndFolders.csproj", "{DE3CCF8B-F1D6-4D49-9EC1-694F8D268280}"
EndProject
Global
	GlobalSection(SolutionConfigurationPlatforms) = preSolution
		Debug|Any CPU = Debug|Any CPU
		Release|Any CPU = Release|Any CPU
	EndGlobalSection
	GlobalSection(ProjectConfigurationPlatforms) = postSolution
		{DE3CCF8B-F1D6-4D49-9EC1-694F8D268280}.Debug|Any CPU.ActiveCfg = Debug|Any CPU
		{DE3CCF8B-F1D6-4D49-9EC1-694F8D268280}.Debug|Any CPU.Build.0 = Debug|Any CPU
		{DE3CCF8B-F1D6-4D49-9EC1-694F8D268280}.Release|Any CPU.ActiveCfg = Release|Any CPU
		{DE3CCF8B-F1D6-4D49-9EC1-694F8D268280}.Release|Any CPU.Build.0 = Release|Any CPU
	EndGlobalSection
	GlobalSection(SolutionProperties) = preSolution
		HideSolutionNode = FALSE
	EndGlobalSection
	GlobalSection(ExtensibilityGlobals) = postSolution
		SolutionGuid = {FF04738E-C16E-4020-9C83-A209EFEA25A1}
	EndGlobalSection
EndGlobal
